
Microsoft Visual Studio Solution File, Format Version 12.00
# Visual Studio 15
VisualStudioVersion = 15.0.28306.52
MinimumVisualStudioVersion = 10.0.40219.1
Project("{9A19103F-16F7-4668-BE54-9A1E7A4F7556}") = "TechPaper", "TechPaper\TechPaper.csproj", "{CA253103-AFB0-40D7-800C-91A8E930B54D}"
EndProject
Project("{9A19103F-16F7-4668-BE54-9A1E7A4F7556}") = "TechPaper.Tests", "TechPaper.Tests\TechPaper.Tests.csproj", "{35BE067F-BE7F-4781-B059-B0A87523B529}"
EndProject
Global
	GlobalSection(SolutionConfigurationPlatforms) = preSolution
		Debug|Any CPU = Debug|Any CPU
		Release|Any CPU = Release|Any CPU
	EndGlobalSection
	GlobalSection(ProjectConfigurationPlatforms) = postSolution
		{CA253103-AFB0-40D7-800C-91A8E930B54D}.Debug|Any CPU.ActiveCfg = Debug|Any CPU
		{CA253103-AFB0-40D7-800C-91A8E930B54D}.Debug|Any CPU.Build.0 = Debug|Any CPU
		{CA253103-AFB0-40D7-800C-91A8E930B54D}.Release|Any CPU.ActiveCfg = Release|Any CPU
		{CA253103-AFB0-40D7-800C-91A8E930B54D}.Release|Any CPU.Build.0 = Release|Any CPU
		{35BE067F-BE7F-4781-B059-B0A87523B529}.Debug|Any CPU.ActiveCfg = Debug|Any CPU
		{35BE067F-BE7F-4781-B059-B0A87523B529}.Debug|Any CPU.Build.0 = Debug|Any CPU
		{35BE067F-BE7F-4781-B059-B0A87523B529}.Release|Any CPU.ActiveCfg = Release|Any CPU
		{35BE067F-BE7F-4781-B059-B0A87523B529}.Release|Any CPU.Build.0 = Release|Any CPU
	EndGlobalSection
	GlobalSection(SolutionProperties) = preSolution
		HideSolutionNode = FALSE
	EndGlobalSection
	GlobalSection(ExtensibilityGlobals) = postSolution
		SolutionGuid = {98C80083-E78D-4654-B7D2-49D9FE25978C}
	EndGlobalSection
EndGlobal
